
Microsoft Visual Studio Solution File, Format Version 12.00
# Visual Studio 14
VisualStudioVersion = 14.0.24720.0
MinimumVisualStudioVersion = 10.0.40219.1
Project("{FAE04EC0-301F-11D3-BF4B-00C04F79EFBC}") = "TOOFA", "TOOFA\TOOFA.csproj", "{CDBE48DE-9323-46BA-80F5-796D66E066FE}"
EndProject
Global
	GlobalSection(SolutionConfigurationPlatforms) = preSolution
		Debug|Any CPU = Debug|Any CPU
		Release|Any CPU = Release|Any CPU
	EndGlobalSection
	GlobalSection(ProjectConfigurationPlatforms) = postSolution
		{CDBE48DE-9323-46BA-80F5-796D66E066FE}.Debug|Any CPU.ActiveCfg = Debug|Any CPU
		{CDBE48DE-9323-46BA-80F5-796D66E066FE}.Debug|Any CPU.Build.0 = Debug|Any CPU
		{CDBE48DE-9323-46BA-80F5-796D66E066FE}.Release|Any CPU.ActiveCfg = Release|Any CPU
		{CDBE48DE-9323-46BA-80F5-796D66E066FE}.Release|Any CPU.Build.0 = Release|Any CPU
	EndGlobalSection
	GlobalSection(SolutionProperties) = preSolution
		HideSolutionNode = FALSE
	EndGlobalSection
EndGlobal
